// !$*UTF8*$!
{
	archiveVersion = 1;
	classes = {
	};
	objectVersion = 55;
	objects = {

/* Begin PBXBuildFile section */
		0465ED3329679FA400EEA770 /* PointsView.swift in Sources */ = {isa = PBXBuildFile; fileRef = 0465ED3229679FA400EEA770 /* PointsView.swift */; };
		0465ED352967ABA700EEA770 /* Constants.swift in Sources */ = {isa = PBXBuildFile; fileRef = 0465ED342967ABA700EEA770 /* Constants.swift */; };
		04D87D2D29650B510038D5B3 /* BullseyeAppApp.swift in Sources */ = {isa = PBXBuildFile; fileRef = 04D87D2C29650B510038D5B3 /* BullseyeAppApp.swift */; };
		04D87D2F29650B510038D5B3 /* ContentView.swift in Sources */ = {isa = PBXBuildFile; fileRef = 04D87D2E29650B510038D5B3 /* ContentView.swift */; };
		04D87D3129650B530038D5B3 /* Assets.xcassets in Resources */ = {isa = PBXBuildFile; fileRef = 04D87D3029650B530038D5B3 /* Assets.xcassets */; };
		04D87D3429650B530038D5B3 /* Preview Assets.xcassets in Resources */ = {isa = PBXBuildFile; fileRef = 04D87D3329650B530038D5B3 /* Preview Assets.xcassets */; };
		04D87D3E2965285A0038D5B3 /* Game.swift in Sources */ = {isa = PBXBuildFile; fileRef = 04D87D3D2965285A0038D5B3 /* Game.swift */; };
		04D87D4629652BE60038D5B3 /* BullseyeAppTests.swift in Sources */ = {isa = PBXBuildFile; fileRef = 04D87D4529652BE60038D5B3 /* BullseyeAppTests.swift */; };
		04D87D4F296644F50038D5B3 /* TextViews.swift in Sources */ = {isa = PBXBuildFile; fileRef = 04D87D4E296644F50038D5B3 /* TextViews.swift */; };
		04D87D5129664AC30038D5B3 /* Shapes.swift in Sources */ = {isa = PBXBuildFile; fileRef = 04D87D5029664AC30038D5B3 /* Shapes.swift */; };
		04D87D5329664E5B0038D5B3 /* RoundedViews.swift in Sources */ = {isa = PBXBuildFile; fileRef = 04D87D5229664E5B0038D5B3 /* RoundedViews.swift */; };
		04D87D55296655030038D5B3 /* BackgroundView.swift in Sources */ = {isa = PBXBuildFile; fileRef = 04D87D54296655030038D5B3 /* BackgroundView.swift */; };
		04F091AE2968F53000F6430A /* LeaderBoardView.swift in Sources */ = {isa = PBXBuildFile; fileRef = 04F091AD2968F53000F6430A /* LeaderBoardView.swift */; };
/* End PBXBuildFile section */

/* Begin PBXContainerItemProxy section */
		04D87D4729652BE60038D5B3 /* PBXContainerItemProxy */ = {
			isa = PBXContainerItemProxy;
			containerPortal = 04D87D2129650B510038D5B3 /* Project object */;
			proxyType = 1;
			remoteGlobalIDString = 04D87D2829650B510038D5B3;
			remoteInfo = BullseyeApp;
		};
/* End PBXContainerItemProxy section */

/* Begin PBXFileReference section */
		0465ED3229679FA400EEA770 /* PointsView.swift */ = {isa = PBXFileReference; lastKnownFileType = sourcecode.swift; path = PointsView.swift; sourceTree = "<group>"; };
		0465ED342967ABA700EEA770 /* Constants.swift */ = {isa = PBXFileReference; lastKnownFileType = sourcecode.swift; path = Constants.swift; sourceTree = "<group>"; };
		04D87D2929650B510038D5B3 /* BullseyeApp.app */ = {isa = PBXFileReference; explicitFileType = wrapper.application; includeInIndex = 0; path = BullseyeApp.app; sourceTree = BUILT_PRODUCTS_DIR; };
		04D87D2C29650B510038D5B3 /* BullseyeAppApp.swift */ = {isa = PBXFileReference; lastKnownFileType = sourcecode.swift; path = BullseyeAppApp.swift; sourceTree = "<group>"; };
		04D87D2E29650B510038D5B3 /* ContentView.swift */ = {isa = PBXFileReference; lastKnownFileType = sourcecode.swift; path = ContentView.swift; sourceTree = "<group>"; };
		04D87D3029650B530038D5B3 /* Assets.xcassets */ = {isa = PBXFileReference; lastKnownFileType = folder.assetcatalog; path = Assets.xcassets; sourceTree = "<group>"; };
		04D87D3329650B530038D5B3 /* Preview Assets.xcassets */ = {isa = PBXFileReference; lastKnownFileType = folder.assetcatalog; path = "Preview Assets.xcassets"; sourceTree = "<group>"; };
		04D87D3D2965285A0038D5B3 /* Game.swift */ = {isa = PBXFileReference; lastKnownFileType = sourcecode.swift; path = Game.swift; sourceTree = "<group>"; };
		04D87D4329652BE60038D5B3 /* BullseyeAppTests.xctest */ = {isa = PBXFileReference; explicitFileType = wrapper.cfbundle; includeInIndex = 0; path = BullseyeAppTests.xctest; sourceTree = BUILT_PRODUCTS_DIR; };
		04D87D4529652BE60038D5B3 /* BullseyeAppTests.swift */ = {isa = PBXFileReference; lastKnownFileType = sourcecode.swift; path = BullseyeAppTests.swift; sourceTree = "<group>"; };
		04D87D4E296644F50038D5B3 /* TextViews.swift */ = {isa = PBXFileReference; lastKnownFileType = sourcecode.swift; path = TextViews.swift; sourceTree = "<group>"; };
		04D87D5029664AC30038D5B3 /* Shapes.swift */ = {isa = PBXFileReference; lastKnownFileType = sourcecode.swift; path = Shapes.swift; sourceTree = "<group>"; };
		04D87D5229664E5B0038D5B3 /* RoundedViews.swift */ = {isa = PBXFileReference; lastKnownFileType = sourcecode.swift; path = RoundedViews.swift; sourceTree = "<group>"; };
		04D87D54296655030038D5B3 /* BackgroundView.swift */ = {isa = PBXFileReference; lastKnownFileType = sourcecode.swift; path = BackgroundView.swift; sourceTree = "<group>"; };
		04F091AD2968F53000F6430A /* LeaderBoardView.swift */ = {isa = PBXFileReference; lastKnownFileType = sourcecode.swift; path = LeaderBoardView.swift; sourceTree = "<group>"; };
/* End PBXFileReference section */

/* Begin PBXFrameworksBuildPhase section */
		04D87D2629650B510038D5B3 /* Frameworks */ = {
			isa = PBXFrameworksBuildPhase;
			buildActionMask = 2147483647;
			files = (
			);
			runOnlyForDeploymentPostprocessing = 0;
		};
		04D87D4029652BE60038D5B3 /* Frameworks */ = {
			isa = PBXFrameworksBuildPhase;
			buildActionMask = 2147483647;
			files = (
			);
			runOnlyForDeploymentPostprocessing = 0;
		};
/* End PBXFrameworksBuildPhase section */

/* Begin PBXGroup section */
		04D87D2029650B510038D5B3 = {
			isa = PBXGroup;
			children = (
				04D87D2B29650B510038D5B3 /* BullseyeApp */,
				04D87D4429652BE60038D5B3 /* BullseyeAppTests */,
				04D87D2A29650B510038D5B3 /* Products */,
			);
			sourceTree = "<group>";
		};
		04D87D2A29650B510038D5B3 /* Products */ = {
			isa = PBXGroup;
			children = (
				04D87D2929650B510038D5B3 /* BullseyeApp.app */,
				04D87D4329652BE60038D5B3 /* BullseyeAppTests.xctest */,
			);
			name = Products;
			sourceTree = "<group>";
		};
		04D87D2B29650B510038D5B3 /* BullseyeApp */ = {
			isa = PBXGroup;
			children = (
				04D87D3B296527B00038D5B3 /* Views */,
				04D87D3A296527A90038D5B3 /* Models */,
				04D87D3C296527B90038D5B3 /* App */,
				04D87D3229650B530038D5B3 /* Preview Content */,
			);
			path = BullseyeApp;
			sourceTree = "<group>";
		};
		04D87D3229650B530038D5B3 /* Preview Content */ = {
			isa = PBXGroup;
			children = (
				04D87D3329650B530038D5B3 /* Preview Assets.xcassets */,
			);
			path = "Preview Content";
			sourceTree = "<group>";
		};
		04D87D3A296527A90038D5B3 /* Models */ = {
			isa = PBXGroup;
			children = (
				04D87D2C29650B510038D5B3 /* BullseyeAppApp.swift */,
				04D87D3029650B530038D5B3 /* Assets.xcassets */,
				04D87D3D2965285A0038D5B3 /* Game.swift */,
			);
			path = Models;
			sourceTree = "<group>";
		};
		04D87D3B296527B00038D5B3 /* Views */ = {
			isa = PBXGroup;
			children = (
				04D87D2E29650B510038D5B3 /* ContentView.swift */,
				04D87D4E296644F50038D5B3 /* TextViews.swift */,
				04D87D5029664AC30038D5B3 /* Shapes.swift */,
				04D87D5229664E5B0038D5B3 /* RoundedViews.swift */,
				04D87D54296655030038D5B3 /* BackgroundView.swift */,
				0465ED3229679FA400EEA770 /* PointsView.swift */,
				0465ED342967ABA700EEA770 /* Constants.swift */,
				04F091AD2968F53000F6430A /* LeaderBoardView.swift */,
			);
			path = Views;
			sourceTree = "<group>";
		};
		04D87D3C296527B90038D5B3 /* App */ = {
			isa = PBXGroup;
			children = (
			);
			path = App;
			sourceTree = "<group>";
		};
		04D87D4429652BE60038D5B3 /* BullseyeAppTests */ = {
			isa = PBXGroup;
			children = (
				04D87D4529652BE60038D5B3 /* BullseyeAppTests.swift */,
			);
			path = BullseyeAppTests;
			sourceTree = "<group>";
		};
/* End PBXGroup section */

/* Begin PBXNativeTarget section */
		04D87D2829650B510038D5B3 /* BullseyeApp */ = {
			isa = PBXNativeTarget;
			buildConfigurationList = 04D87D3729650B530038D5B3 /* Build configuration list for PBXNativeTarget "BullseyeApp" */;
			buildPhases = (
				04D87D2529650B510038D5B3 /* Sources */,
				04D87D2629650B510038D5B3 /* Frameworks */,
				04D87D2729650B510038D5B3 /* Resources */,
			);
			buildRules = (
			);
			dependencies = (
			);
			name = BullseyeApp;
			productName = BullseyeApp;
			productReference = 04D87D2929650B510038D5B3 /* BullseyeApp.app */;
			productType = "com.apple.product-type.application";
		};
		04D87D4229652BE60038D5B3 /* BullseyeAppTests */ = {
			isa = PBXNativeTarget;
			buildConfigurationList = 04D87D4929652BE60038D5B3 /* Build configuration list for PBXNativeTarget "BullseyeAppTests" */;
			buildPhases = (
				04D87D3F29652BE60038D5B3 /* Sources */,
				04D87D4029652BE60038D5B3 /* Frameworks */,
				04D87D4129652BE60038D5B3 /* Resources */,
			);
			buildRules = (
			);
			dependencies = (
				04D87D4829652BE60038D5B3 /* PBXTargetDependency */,
			);
			name = BullseyeAppTests;
			productName = BullseyeAppTests;
			productReference = 04D87D4329652BE60038D5B3 /* BullseyeAppTests.xctest */;
			productType = "com.apple.product-type.bundle.unit-test";
		};
/* End PBXNativeTarget section */

/* Begin PBXProject section */
		04D87D2129650B510038D5B3 /* Project object */ = {
			isa = PBXProject;
			attributes = {
				BuildIndependentTargetsInParallel = 1;
				LastSwiftUpdateCheck = 1330;
				LastUpgradeCheck = 1330;
				TargetAttributes = {
					04D87D2829650B510038D5B3 = {
						CreatedOnToolsVersion = 13.3.1;
					};
					04D87D4229652BE60038D5B3 = {
						CreatedOnToolsVersion = 13.3.1;
						TestTargetID = 04D87D2829650B510038D5B3;
					};
				};
			};
			buildConfigurationList = 04D87D2429650B510038D5B3 /* Build configuration list for PBXProject "BullseyeApp" */;
			compatibilityVersion = "Xcode 13.0";
			developmentRegion = en;
			hasScannedForEncodings = 0;
			knownRegions = (
				en,
				Base,
			);
			mainGroup = 04D87D2029650B510038D5B3;
			productRefGroup = 04D87D2A29650B510038D5B3 /* Products */;
			projectDirPath = "";
			projectRoot = "";
			targets = (
				04D87D2829650B510038D5B3 /* BullseyeApp */,
				04D87D4229652BE60038D5B3 /* BullseyeAppTests */,
			);
		};
/* End PBXProject section */

/* Begin PBXResourcesBuildPhase section */
		04D87D2729650B510038D5B3 /* Resources */ = {
			isa = PBXResourcesBuildPhase;
			buildActionMask = 2147483647;
			files = (
				04D87D3429650B530038D5B3 /* Preview Assets.xcassets in Resources */,
				04D87D3129650B530038D5B3 /* Assets.xcassets in Resources */,
			);
			runOnlyForDeploymentPostprocessing = 0;
		};
		04D87D4129652BE60038D5B3 /* Resources */ = {
			isa = PBXResourcesBuildPhase;
			buildActionMask = 2147483647;
			files = (
			);
			runOnlyForDeploymentPostprocessing = 0;
		};
/* End PBXResourcesBuildPhase section */

/* Begin PBXSourcesBuildPhase section */
		04D87D2529650B510038D5B3 /* Sources */ = {
			isa = PBXSourcesBuildPhase;
			buildActionMask = 2147483647;
			files = (
				04D87D5329664E5B0038D5B3 /* RoundedViews.swift in Sources */,
				04D87D2F29650B510038D5B3 /* ContentView.swift in Sources */,
				04D87D4F296644F50038D5B3 /* TextViews.swift in Sources */,
				0465ED3329679FA400EEA770 /* PointsView.swift in Sources */,
				04F091AE2968F53000F6430A /* LeaderBoardView.swift in Sources */,
				04D87D55296655030038D5B3 /* BackgroundView.swift in Sources */,
				04D87D5129664AC30038D5B3 /* Shapes.swift in Sources */,
				0465ED352967ABA700EEA770 /* Constants.swift in Sources */,
				04D87D3E2965285A0038D5B3 /* Game.swift in Sources */,
				04D87D2D29650B510038D5B3 /* BullseyeAppApp.swift in Sources */,
			);
			runOnlyForDeploymentPostprocessing = 0;
		};
		04D87D3F29652BE60038D5B3 /* Sources */ = {
			isa = PBXSourcesBuildPhase;
			buildActionMask = 2147483647;
			files = (
				04D87D4629652BE60038D5B3 /* BullseyeAppTests.swift in Sources */,
			);
			runOnlyForDeploymentPostprocessing = 0;
		};
/* End PBXSourcesBuildPhase section */

/* Begin PBXTargetDependency section */
		04D87D4829652BE60038D5B3 /* PBXTargetDependency */ = {
			isa = PBXTargetDependency;
			target = 04D87D2829650B510038D5B3 /* BullseyeApp */;
			targetProxy = 04D87D4729652BE60038D5B3 /* PBXContainerItemProxy */;
		};
/* End PBXTargetDependency section */

/* Begin XCBuildConfiguration section */
		04D87D3529650B530038D5B3 /* Debug */ = {
			isa = XCBuildConfiguration;
			buildSettings = {
				ALWAYS_SEARCH_USER_PATHS = NO;
				CLANG_ANALYZER_NONNULL = YES;
				CLANG_ANALYZER_NUMBER_OBJECT_CONVERSION = YES_AGGRESSIVE;
				CLANG_CXX_LANGUAGE_STANDARD = "gnu++17";
				CLANG_ENABLE_MODULES = YES;
				CLANG_ENABLE_OBJC_ARC = YES;
				CLANG_ENABLE_OBJC_WEAK = YES;
				CLANG_WARN_BLOCK_CAPTURE_AUTORELEASING = YES;
				CLANG_WARN_BOOL_CONVERSION = YES;
				CLANG_WARN_COMMA = YES;
				CLANG_WARN_CONSTANT_CONVERSION = YES;
				CLANG_WARN_DEPRECATED_OBJC_IMPLEMENTATIONS = YES;
				CLANG_WARN_DIRECT_OBJC_ISA_USAGE = YES_ERROR;
				CLANG_WARN_DOCUMENTATION_COMMENTS = YES;
				CLANG_WARN_EMPTY_BODY = YES;
				CLANG_WARN_ENUM_CONVERSION = YES;
				CLANG_WARN_INFINITE_RECURSION = YES;
				CLANG_WARN_INT_CONVERSION = YES;
				CLANG_WARN_NON_LITERAL_NULL_CONVERSION = YES;
				CLANG_WARN_OBJC_IMPLICIT_RETAIN_SELF = YES;
				CLANG_WARN_OBJC_LITERAL_CONVERSION = YES;
				CLANG_WARN_OBJC_ROOT_CLASS = YES_ERROR;
				CLANG_WARN_QUOTED_INCLUDE_IN_FRAMEWORK_HEADER = YES;
				CLANG_WARN_RANGE_LOOP_ANALYSIS = YES;
				CLANG_WARN_STRICT_PROTOTYPES = YES;
				CLANG_WARN_SUSPICIOUS_MOVE = YES;
				CLANG_WARN_UNGUARDED_AVAILABILITY = YES_AGGRESSIVE;
				CLANG_WARN_UNREACHABLE_CODE = YES;
				CLANG_WARN__DUPLICATE_METHOD_MATCH = YES;
				COPY_PHASE_STRIP = NO;
				DEBUG_INFORMATION_FORMAT = dwarf;
				ENABLE_STRICT_OBJC_MSGSEND = YES;
				ENABLE_TESTABILITY = YES;
				GCC_C_LANGUAGE_STANDARD = gnu11;
				GCC_DYNAMIC_NO_PIC = NO;
				GCC_NO_COMMON_BLOCKS = YES;
				GCC_OPTIMIZATION_LEVEL = 0;
				GCC_PREPROCESSOR_DEFINITIONS = (
					"DEBUG=1",
					"$(inherited)",
				);
				GCC_WARN_64_TO_32_BIT_CONVERSION = YES;
				GCC_WARN_ABOUT_RETURN_TYPE = YES_ERROR;
				GCC_WARN_UNDECLARED_SELECTOR = YES;
				GCC_WARN_UNINITIALIZED_AUTOS = YES_AGGRESSIVE;
				GCC_WARN_UNUSED_FUNCTION = YES;
				GCC_WARN_UNUSED_VARIABLE = YES;
				IPHONEOS_DEPLOYMENT_TARGET = 15.4;
				MTL_ENABLE_DEBUG_INFO = INCLUDE_SOURCE;
				MTL_FAST_MATH = YES;
				ONLY_ACTIVE_ARCH = YES;
				SDKROOT = iphoneos;
				SWIFT_ACTIVE_COMPILATION_CONDITIONS = DEBUG;
				SWIFT_OPTIMIZATION_LEVEL = "-Onone";
			};
			name = Debug;
		};
		04D87D3629650B530038D5B3 /* Release */ = {
			isa = XCBuildConfiguration;
			buildSettings = {
				ALWAYS_SEARCH_USER_PATHS = NO;
				CLANG_ANALYZER_NONNULL = YES;
				CLANG_ANALYZER_NUMBER_OBJECT_CONVERSION = YES_AGGRESSIVE;
				CLANG_CXX_LANGUAGE_STANDARD = "gnu++17";
				CLANG_ENABLE_MODULES = YES;
				CLANG_ENABLE_OBJC_ARC = YES;
				CLANG_ENABLE_OBJC_WEAK = YES;
				CLANG_WARN_BLOCK_CAPTURE_AUTORELEASING = YES;
				CLANG_WARN_BOOL_CONVERSION = YES;
				CLANG_WARN_COMMA = YES;
				CLANG_WARN_CONSTANT_CONVERSION = YES;
				CLANG_WARN_DEPRECATED_OBJC_IMPLEMENTATIONS = YES;
				CLANG_WARN_DIRECT_OBJC_ISA_USAGE = YES_ERROR;
				CLANG_WARN_DOCUMENTATION_COMMENTS = YES;
				CLANG_WARN_EMPTY_BODY = YES;
				CLANG_WARN_ENUM_CONVERSION = YES;
				CLANG_WARN_INFINITE_RECURSION = YES;
				CLANG_WARN_INT_CONVERSION = YES;
				CLANG_WARN_NON_LITERAL_NULL_CONVERSION = YES;
				CLANG_WARN_OBJC_IMPLICIT_RETAIN_SELF = YES;
				CLANG_WARN_OBJC_LITERAL_CONVERSION = YES;
				CLANG_WARN_OBJC_ROOT_CLASS = YES_ERROR;
				CLANG_WARN_QUOTED_INCLUDE_IN_FRAMEWORK_HEADER = YES;
				CLANG_WARN_RANGE_LOOP_ANALYSIS = YES;
				CLANG_WARN_STRICT_PROTOTYPES = YES;
				CLANG_WARN_SUSPICIOUS_MOVE = YES;
				CLANG_WARN_UNGUARDED_AVAILABILITY = YES_AGGRESSIVE;
				CLANG_WARN_UNREACHABLE_CODE = YES;
				CLANG_WARN__DUPLICATE_METHOD_MATCH = YES;
				COPY_PHASE_STRIP = NO;
				DEBUG_INFORMATION_FORMAT = "dwarf-with-dsym";
				ENABLE_NS_ASSERTIONS = NO;
				ENABLE_STRICT_OBJC_MSGSEND = YES;
				GCC_C_LANGUAGE_STANDARD = gnu11;
				GCC_NO_COMMON_BLOCKS = YES;
				GCC_WARN_64_TO_32_BIT_CONVERSION = YES;
				GCC_WARN_ABOUT_RETURN_TYPE = YES_ERROR;
				GCC_WARN_UNDECLARED_SELECTOR = YES;
				GCC_WARN_UNINITIALIZED_AUTOS = YES_AGGRESSIVE;
				GCC_WARN_UNUSED_FUNCTION = YES;
				GCC_WARN_UNUSED_VARIABLE = YES;
				IPHONEOS_DEPLOYMENT_TARGET = 15.4;
				MTL_ENABLE_DEBUG_INFO = NO;
				MTL_FAST_MATH = YES;
				SDKROOT = iphoneos;
				SWIFT_COMPILATION_MODE = wholemodule;
				SWIFT_OPTIMIZATION_LEVEL = "-O";
				VALIDATE_PRODUCT = YES;
			};
			name = Release;
		};
		04D87D3829650B530038D5B3 /* Debug */ = {
			isa = XCBuildConfiguration;
			buildSettings = {
				ASSETCATALOG_COMPILER_APPICON_NAME = AppIcon;
				ASSETCATALOG_COMPILER_GLOBAL_ACCENT_COLOR_NAME = AccentColor;
				CODE_SIGN_STYLE = Automatic;
				CURRENT_PROJECT_VERSION = 1;
				DEVELOPMENT_ASSET_PATHS = "\"BullseyeApp/Preview Content\"";
				DEVELOPMENT_TEAM = 3X952GP295;
				ENABLE_PREVIEWS = YES;
				GENERATE_INFOPLIST_FILE = YES;
				INFOPLIST_KEY_UIApplicationSceneManifest_Generation = YES;
				INFOPLIST_KEY_UIApplicationSupportsIndirectInputEvents = YES;
				INFOPLIST_KEY_UILaunchScreen_Generation = YES;
				INFOPLIST_KEY_UISupportedInterfaceOrientations_iPad = "UIInterfaceOrientationPortrait UIInterfaceOrientationPortraitUpsideDown UIInterfaceOrientationLandscapeLeft UIInterfaceOrientationLandscapeRight";
				INFOPLIST_KEY_UISupportedInterfaceOrientations_iPhone = "UIInterfaceOrientationPortrait UIInterfaceOrientationLandscapeLeft UIInterfaceOrientationLandscapeRight";
				LD_RUNPATH_SEARCH_PATHS = (
					"$(inherited)",
					"@executable_path/Frameworks",
				);
				MARKETING_VERSION = 1.0;
				PRODUCT_BUNDLE_IDENTIFIER = app.netlify.gikwegbu.BullseyeApp;
				PRODUCT_NAME = "$(TARGET_NAME)";
				SWIFT_EMIT_LOC_STRINGS = YES;
				SWIFT_VERSION = 5.0;
				TARGETED_DEVICE_FAMILY = "1,2";
			};
			name = Debug;
		};
		04D87D3929650B530038D5B3 /* Release */ = {
			isa = XCBuildConfiguration;
			buildSettings = {
				ASSETCATALOG_COMPILER_APPICON_NAME = AppIcon;
				ASSETCATALOG_COMPILER_GLOBAL_ACCENT_COLOR_NAME = AccentColor;
				CODE_SIGN_STYLE = Automatic;
				CURRENT_PROJECT_VERSION = 1;
				DEVELOPMENT_ASSET_PATHS = "\"BullseyeApp/Preview Content\"";
				DEVELOPMENT_TEAM = 3X952GP295;
				ENABLE_PREVIEWS = YES;
				GENERATE_INFOPLIST_FILE = YES;
				INFOPLIST_KEY_UIApplicationSceneManifest_Generation = YES;
				INFOPLIST_KEY_UIApplicationSupportsIndirectInputEvents = YES;
				INFOPLIST_KEY_UILaunchScreen_Generation = YES;
				INFOPLIST_KEY_UISupportedInterfaceOrientations_iPad = "UIInterfaceOrientationPortrait UIInterfaceOrientationPortraitUpsideDown UIInterfaceOrientationLandscapeLeft UIInterfaceOrientationLandscapeRight";
				INFOPLIST_KEY_UISupportedInterfaceOrientations_iPhone = "UIInterfaceOrientationPortrait UIInterfaceOrientationLandscapeLeft UIInterfaceOrientationLandscapeRight";
				LD_RUNPATH_SEARCH_PATHS = (
					"$(inherited)",
					"@executable_path/Frameworks",
				);
				MARKETING_VERSION = 1.0;
				PRODUCT_BUNDLE_IDENTIFIER = app.netlify.gikwegbu.BullseyeApp;
				PRODUCT_NAME = "$(TARGET_NAME)";
				SWIFT_EMIT_LOC_STRINGS = YES;
				SWIFT_VERSION = 5.0;
				TARGETED_DEVICE_FAMILY = "1,2";
			};
			name = Release;
		};
		04D87D4A29652BE60038D5B3 /* Debug */ = {
			isa = XCBuildConfiguration;
			buildSettings = {
				BUNDLE_LOADER = "$(TEST_HOST)";
				CODE_SIGN_STYLE = Automatic;
				CURRENT_PROJECT_VERSION = 1;
				DEVELOPMENT_TEAM = 3X952GP295;
				GENERATE_INFOPLIST_FILE = YES;
				MARKETING_VERSION = 1.0;
				PRODUCT_BUNDLE_IDENTIFIER = app.netlify.gikwegbu.BullseyeAppTests;
				PRODUCT_NAME = "$(TARGET_NAME)";
				SWIFT_EMIT_LOC_STRINGS = NO;
				SWIFT_VERSION = 5.0;
				TARGETED_DEVICE_FAMILY = "1,2";
				TEST_HOST = "$(BUILT_PRODUCTS_DIR)/BullseyeApp.app/BullseyeApp";
			};
			name = Debug;
		};
		04D87D4B29652BE60038D5B3 /* Release */ = {
			isa = XCBuildConfiguration;
			buildSettings = {
				BUNDLE_LOADER = "$(TEST_HOST)";
				CODE_SIGN_STYLE = Automatic;
				CURRENT_PROJECT_VERSION = 1;
				DEVELOPMENT_TEAM = 3X952GP295;
				GENERATE_INFOPLIST_FILE = YES;
				MARKETING_VERSION = 1.0;
				PRODUCT_BUNDLE_IDENTIFIER = app.netlify.gikwegbu.BullseyeAppTests;
				PRODUCT_NAME = "$(TARGET_NAME)";
				SWIFT_EMIT_LOC_STRINGS = NO;
				SWIFT_VERSION = 5.0;
				TARGETED_DEVICE_FAMILY = "1,2";
				TEST_HOST = "$(BUILT_PRODUCTS_DIR)/BullseyeApp.app/BullseyeApp";
			};
			name = Release;
		};
/* End XCBuildConfiguration section */

/* Begin XCConfigurationList section */
		04D87D2429650B510038D5B3 /* Build configuration list for PBXProject "BullseyeApp" */ = {
			isa = XCConfigurationList;
			buildConfigurations = (
				04D87D3529650B530038D5B3 /* Debug */,
				04D87D3629650B530038D5B3 /* Release */,
			);
			defaultConfigurationIsVisible = 0;
			defaultConfigurationName = Release;
		};
		04D87D3729650B530038D5B3 /* Build configuration list for PBXNativeTarget "BullseyeApp" */ = {
			isa = XCConfigurationList;
			buildConfigurations = (
				04D87D3829650B530038D5B3 /* Debug */,
				04D87D3929650B530038D5B3 /* Release */,
			);
			defaultConfigurationIsVisible = 0;
			defaultConfigurationName = Release;
		};
		04D87D4929652BE60038D5B3 /* Build configuration list for PBXNativeTarget "BullseyeAppTests" */ = {
			isa = XCConfigurationList;
			buildConfigurations = (
				04D87D4A29652BE60038D5B3 /* Debug */,
				04D87D4B29652BE60038D5B3 /* Release */,
			);
			defaultConfigurationIsVisible = 0;
			defaultConfigurationName = Release;
		};
/* End XCConfigurationList section */
	};
	rootObject = 04D87D2129650B510038D5B3 /* Project object */;
}
